lockfileVersion: '9.0'

settings:
  autoInstallPeers: true
  excludeLinksFromLockfile: false

importers:

  .:
    dependencies:
      '@codama/nodes-from-anchor':
        specifier: ^1.3.8
        version: 1.3.8(typescript@5.9.3)
      '@codama/renderers-js':
        specifier: ^1.5.5
        version: 1.5.5(typescript@5.9.3)
      '@solana/kit':
        specifier: ^5.1.0
        version: 5.1.0(typescript@5.9.3)
      codama:
        specifier: ^1.5.0
        version: 1.5.0
    devDependencies:
      '@types/node':
        specifier: ^25.0.3
        version: 25.0.3
      ts-node:
        specifier: ^10.9.2
        version: 10.9.2(@types/node@25.0.3)(typescript@5.9.3)
      typescript:
        specifier: ^5.9.3
        version: 5.9.3

packages:

  '@codama/cli@1.4.4':
    resolution: {integrity: sha512-0uLecW/RZC2c1wx3j/eiRAYvilvNY+2DoyEYu/hV0OfM1/uIgIyuy5U+wolV+LY4wLFYdApjYdy+5D32lngCHg==}
    hasBin: true

  '@codama/errors@1.5.0':
    resolution: {integrity: sha512-i4cS+S7JaZXhofQHFY3cwzt8rqxUVPNaeJND5VOyKUbtcOi933YXJXk52gDG4mc+CpGqHJijsJjfSpr1lJGxzg==}
    hasBin: true

  '@codama/node-types@1.5.0':
    resolution: {integrity: sha512-Ebz2vOUukmNaFXWdkni1ZihXkAIUnPYtqIMXYxKXOxjMP+TGz2q0lGtRo7sqw1pc2ksFBIkfBp5pZsl5p6gwXA==}

  '@codama/nodes-from-anchor@1.3.8':
    resolution: {integrity: sha512-+nGg7YcXbuqrKDFh/8KBRtR3PcR7bJr4w4jy9pNogHpM5CsDcTEa+fiPRHcYh3CgbaX86DgTfvkEw2dmgf+qzg==}

  '@codama/nodes@1.5.0':
    resolution: {integrity: sha512-yg+xmorWiMNjS3n19CGIt/FZ/ZCuDIu+HEY45bq6gHu1MN3RtJZY+Q3v0ErnBPA60D8mNWkvkKoeSZXfzcAvfw==}

  '@codama/renderers-core@1.3.5':
    resolution: {integrity: sha512-MuZLU+3LZPQb1HuZffwZl+v5JHQDe5LYHGhA1wTMNlwRedYIysSxBjogHNciNIHsKP3JjmqyYmLO5LCEp3hjaQ==}

  '@codama/renderers-js@1.5.5':
    resolution: {integrity: sha512-zYVw8KGRHFzrpPKAv8PJI1pMy28qc/iEMspMC6Iw915Vsg0od75FUmUhDAvrTwgc28oyCmlrsWv6BNON4AKmqQ==}
    engines: {node: '>=20.18.0'}

  '@codama/validators@1.5.0':
    resolution: {integrity: sha512-p3ufDxnCH1jiuHGzcBv4/d+ctzUcKD2K3gX/W8169tC41o9DggjlEpNy1Z6YAAhVb3wHnmXVGA2qmp32rWSfWw==}

  '@codama/visitors-core@1.5.0':
    resolution: {integrity: sha512-3PIAlBX0a06hIxzyPtQMfQcqWGFBgfbwysSwcXBbvHUYbemwhD6xwlBKJuqTwm9DyFj3faStp5fpvcp03Rjxtw==}

  '@codama/visitors@1.5.0':
    resolution: {integrity: sha512-SwtQaleXxAaFz6uHygxki621q4nPUDQlnwEhsg+QKOjHpKWXjLYdJof+R8gUiTV/n7/IeNnjvxJTTNfUsvETPQ==}

  '@cspotcode/source-map-support@0.8.1':
    resolution: {integrity: sha512-IchNf6dN4tHoMFIn/7OE8LWZ19Y6q/67Bmf6vnGREv8RSbBVb9LPJxEcnwrcwX6ixSvaiGoomAUvu4YSxXrVgw==}
    engines: {node: '>=12'}

  '@jridgewell/resolve-uri@3.1.2':
    resolution: {integrity: sha512-bRISgCIjP20/tbWSPWMEi54QVPRZExkuD9lJL+UIxUKtwVJA8wW1Trb1jMs1RFXo1CBTNZ/5hpC9QvmKWdopKw==}
    engines: {node: '>=6.0.0'}

  '@jridgewell/sourcemap-codec@1.5.5':
    resolution: {integrity: sha512-cYQ9310grqxueWbl+WuIUIaiUaDcj7WOq5fVhEljNVgRfOUhY9fy2zTvfoqWsnebh8Sl70VScFbICvJnLKB0Og==}

  '@jridgewell/trace-mapping@0.3.9':
    resolution: {integrity: sha512-3Belt6tdc8bPgAtbcmdtNJlirVoTmEb5e2gC94PnkwEW9jI6CAHUeoG85tjWP5WquqfavoMtMwiG4P926ZKKuQ==}

  '@noble/hashes@2.0.1':
    resolution: {integrity: sha512-XlOlEbQcE9fmuXxrVTXCTlG2nlRXa9Rj3rr5Ue/+tX+nmkgbX720YHh0VR3hBF9xDvwnb8D2shVGOwNx+ulArw==}
    engines: {node: '>= 20.19.0'}

  '@solana/accounts@5.1.0':
    resolution: {integrity: sha512-Q1KzykCrl/YjLUH2RXF8vPq65U/ehAV2SHZicPbZ0jvgQUU6X1+Eca+0ilxA9xH8srYn3YTVDyEs/LYdfbY/2A==}
    engines: {node: '>=20.18.0'}
    peerDependencies:
      typescript: '>=5.3.3'

  '@solana/addresses@5.1.0':
    resolution: {integrity: sha512-X84qSZLgve9YeYsyxGI49WnfEre53tdFu4x9/4oULBgoj8d0A+P9VGLYzmRJ0YFYKRcZG7U4u3MQpI5uLZ1AsQ==}
    engines: {node: '>=20.18.0'}
    peerDependencies:
      typescript: '>=5.3.3'

  '@solana/assertions@5.1.0':
    resolution: {integrity: sha512-5But2wyxuvGXMIOnD0jBMQ9yq1QQF2LSK3IbIRSkAkXbD3DS6O2tRvKUHNhogd+BpkPyCGOQHBycezgnxmStlg==}
    engines: {node: '>=20.18.0'}
    peerDependencies:
      typescript: '>=5.3.3'

  '@solana/codecs-core@5.1.0':
    resolution: {integrity: sha512-vDwi03mxWeWCS5Il6BCdNdifYdOoHVz97YOmbWGIt45b77Ivu5NUYeSD2+ccl6fSw8eYQ6QaqqKXMjbSfsXv4g==}
    engines: {node: '>=20.18.0'}
    peerDependencies:
      typescript: '>=5.3.3'

  '@solana/codecs-data-structures@5.1.0':
    resolution: {integrity: sha512-ftAwL/jsurFrk9kFVhkTLdQ8fGZ8I0PcbVH+V1a0dIP2aKDofGePvK0XbwZE/ohizC9gEIZxyBX5IgRKk5PXyg==}
    engines: {node: '>=20.18.0'}
    peerDependencies:
      typescript: '>=5.3.3'

  '@solana/codecs-numbers@5.1.0':
    resolution: {integrity: sha512-Ea5/9yjDNOrDZcI40UGzzi6Aq1JNsmzM4m5pOk6Xb3JRZ0YdKOv/MwuCqb6jRgzZ7SQjHhkfGL43kHLJA++bOw==}
    engines: {node: '>=20.18.0'}
    peerDependencies:
      typescript: '>=5.3.3'

  '@solana/codecs-strings@5.1.0':
    resolution: {integrity: sha512-014xwl5T/3VnGW0gceizF47DUs5EURRtgGmbWIR5+Z32yxgQ6hT9Zl0atZbL268RHbUQ03/J8Ush1StQgy7sfQ==}
    engines: {node: '>=20.18.0'}
    peerDependencies:
      fastestsmallesttextencoderdecoder: ^1.0.22
      typescript: '>=5.3.3'
    peerDependenciesMeta:
      fastestsmallesttextencoderdecoder:
        optional: true

  '@solana/codecs@5.1.0':
    resolution: {integrity: sha512-krSuf/E2Sa/4oASZ/jb/5KGUG58m1/bQdLrKvBnoAFhYj7zZf+8V4UqHGTV5n2NCQfmMyORsg9n2saKjkUzo8w==}
    engines: {node: '>=20.18.0'}
    peerDependencies:
      typescript: '>=5.3.3'

  '@solana/errors@5.1.0':
    resolution: {integrity: sha512-JlTyekErWa6Fdcwu1Hrh+jZxjM4YxyorGCFDRVZlmHZFkp5N00DWKcYnSGZrTF8E6ZZEP9pfS2XwM8y7p7HPww==}
    engines: {node: '>=20.18.0'}
    hasBin: true
    peerDependencies:
      typescript: '>=5.3.3'

  '@solana/fast-stable-stringify@5.1.0':
    resolution: {integrity: sha512-ACZo7cH/5EXsBmruw/0gU2/PXL2l4aET0YpL93H6QEaZwEAICFD8cLkj20nBcfLTf4srEiuKtwuSDeONTWIulw==}
    engines: {node: '>=20.18.0'}
    peerDependencies:
      typescript: '>=5.3.3'

  '@solana/functional@5.1.0':
    resolution: {integrity: sha512-R6jacWU0Gr+j49lTDp+FSECBolqw2Gq7JlC22rI0JkcxJiiAlp3G80v6zAYq0FkHzxZbjyR6//JYUXSwliem5g==}
    engines: {node: '>=20.18.0'}
    peerDependencies:
      typescript: '>=5.3.3'

  '@solana/instruction-plans@5.1.0':
    resolution: {integrity: sha512-friMgHt0z5jQlCyyTDXfwAMYjCAagI7QYR+hLWB/BmvSuRpai0ddToWbWJoqrNRM312xZ+Oy/qjC3+Ftzi0DLA==}
    engines: {node: '>=20.18.0'}
    peerDependencies:
      typescript: '>=5.3.3'

  '@solana/instructions@5.1.0':
    resolution: {integrity: sha512-fkwpUwwqk5K14T/kZDnCrfeR0kww49HBx+BK8xdSeJx+bt4QTwAHa9YeOkGhGrHEFVEJEUf8FKoxxTzZzJZtKQ==}
    engines: {node: '>=20.18.0'}
    peerDependencies:
      typescript: '>=5.3.3'

  '@solana/keys@5.1.0':
    resolution: {integrity: sha512-ma4zTTuSOmtTCvATHMfUGNTw0Vqah/6XPe1VmLc66ohwXMI3yqatX1FQPXgDZozr15SvLAesfs7/bgl2TRoe9w==}
    engines: {node: '>=20.18.0'}
    peerDependencies:
      typescript: '>=5.3.3'

  '@solana/kit@5.1.0':
    resolution: {integrity: sha512-oNQRzI0+mGWmXy05psO0J7r9Boy8PF7LH5H0Y9Jxvs10AbG4oSOBtyj20EccsRrr+jkqLw42fqb/4rNuASfvsA==}
    engines: {node: '>=20.18.0'}
    peerDependencies:
      typescript: '>=5.3.3'

  '@solana/nominal-types@5.1.0':
    resolution: {integrity: sha512-+4Cm+SpK+D811i9giqv4Up93ZlmUcZfLDHkSH24F4in61+Y2TKA+XKuRtKhNytQMmqCfbvJZ9MHFaIeZw5g+Bg==}
    engines: {node: '>=20.18.0'}
    peerDependencies:
      typescript: '>=5.3.3'

  '@solana/offchain-messages@5.1.0':
    resolution: {integrity: sha512-6FUXjiIJprjWa7y/T4E3rUb3HKi3P5zpBweBEwDflEEJ/QlieWUw7xlGAOvZ1eF3Wi+6LfcrdtZOwIkuv6o9Sg==}
    engines: {node: '>=20.18.0'}
    peerDependencies:
      typescript: '>=5.3.3'

  '@solana/options@5.1.0':
    resolution: {integrity: sha512-PqgfALd0yhK+QFaYIbRFTV6hBpiy5xwdu07zSw1RLoNvt1sg+MRsRFDk9R8ZdEdiM69PY/cKiClVSjpNzLLcJg==}
    engines: {node: '>=20.18.0'}
    peerDependencies:
      typescript: '>=5.3.3'

  '@solana/programs@5.1.0':
    resolution: {integrity: sha512-zAghXyRGixWNcarShlrnpjMD2115BZTF9JMLIcgkCYDOwjDPFIB/Y0hwDCH87N5uSjzlgkDpxKEL4ILewoZTRQ==}
    engines: {node: '>=20.18.0'}
    peerDependencies:
      typescript: '>=5.3.3'

  '@solana/promises@5.1.0':
    resolution: {integrity: sha512-LU9wwS1PvGc/It610dclfq+JCuUEZSIWjvaF0+sqMP7QCk12Uz7MK2m9TtvLcjTvvKTIrucglRZP6qKroWRqGg==}
    engines: {node: '>=20.18.0'}
    peerDependencies:
      typescript: '>=5.3.3'

  '@solana/rpc-api@5.1.0':
    resolution: {integrity: sha512-eI1tY0i3gmih1C65gFECYbfPRpHEYqFp+9IKjpknZtYpQIe9BqBKSpfYpGiCAbKdN/TMadBNPOzdK15ewhkkvQ==}
    engines: {node: '>=20.18.0'}
    peerDependencies:
      typescript: '>=5.3.3'

  '@solana/rpc-parsed-types@5.1.0':
    resolution: {integrity: sha512-ZJoXHNItALMNa1zmGrNnIh96RBlc9GpIqoaZkdE14mAQ7gWe7Oc0ejYavUeSCmcL0wZcvIFh50AsfVxrHr4+2Q==}
    engines: {node: '>=20.18.0'}
    peerDependencies:
      typescript: '>=5.3.3'

  '@solana/rpc-spec-types@5.1.0':
    resolution: {integrity: sha512-B8/WyjmHpC34vXtAmTpZyPwRCm7WwoSkmjBcBouaaY1uilJ9+Wp2nptbq2cJyWairOoMSoI7v5kvvnrJuquq4Q==}
    engines: {node: '>=20.18.0'}
    peerDependencies:
      typescript: '>=5.3.3'

  '@solana/rpc-spec@5.1.0':
    resolution: {integrity: sha512-y8B6fUWA1EBKXUsNo6b9EiFcQPsaJREPLlcIDbo4b6TucQNwvl7FHfpf1VHJL64SkI/WE69i2WEkiOJYjmLO0A==}
    engines: {node: '>=20.18.0'}
    peerDependencies:
      typescript: '>=5.3.3'

  '@solana/rpc-subscriptions-api@5.1.0':
    resolution: {integrity: sha512-84e2AsgqAGiVloW3G4RzpHPkInknu3rEuFPut2/69eq3Ab97TiTz2s5kc9gJpprtGM+xbgnIfeuGqr5F+2bXQA==}
    engines: {node: '>=20.18.0'}
    peerDependencies:
      typescript: '>=5.3.3'

  '@solana/rpc-subscriptions-channel-websocket@5.1.0':
    resolution: {integrity: sha512-FzAEmHzXtlckNn7T/1dzDS7r5HmekYPstrtZKjDcVxuGMVBUkZTnb69t7EJvKNuKw1wYZEUd0EEegtC2K/9dZA==}
    engines: {node: '>=20.18.0'}
    peerDependencies:
      typescript: '>=5.3.3'
      ws: ^8.18.0
    peerDependenciesMeta:
      ws:
        optional: true

  '@solana/rpc-subscriptions-spec@5.1.0':
    resolution: {integrity: sha512-ORfjKtainnYisql6z4YsXByVwY8/rWsedVWn5oe/V7Og9LyetTM7hwJ8FbUdRDZwyLlUrI0cEE1aG+3ma/8tPw==}
    engines: {node: '>=20.18.0'}
    peerDependencies:
      typescript: '>=5.3.3'

  '@solana/rpc-subscriptions@5.1.0':
    resolution: {integrity: sha512-u/mafVzBbdqvYDD7x/98T5/5xk4Bl2C/90TaHiKx7FmutVC/H4QsritPTY0v9JG1dOVWbgIfUgfZ0C0DPkiYnA==}
    engines: {node: '>=20.18.0'}
    peerDependencies:
      typescript: '>=5.3.3'

  '@solana/rpc-transformers@5.1.0':
    resolution: {integrity: sha512-6v93xi/ewGS/xEiSktNQ0bh0Uiv1/q9nR5oiFMn3BiAJRC+FdMRMxCjp6H+/Tua7wdhpClaPKrZYBQHoIp59tw==}
    engines: {node: '>=20.18.0'}
    peerDependencies:
      typescript: '>=5.3.3'

  '@solana/rpc-transport-http@5.1.0':
    resolution: {integrity: sha512-XoGX+2n/iXzoGb3Xrltbx8avnzp15vCfCGXuZpQWFL+xUg3P4CGl217XyDGjS5VxuUml+f/30xzWl18RaAIEcw==}
    engines: {node: '>=20.18.0'}
    peerDependencies:
      typescript: '>=5.3.3'

  '@solana/rpc-types@5.1.0':
    resolution: {integrity: sha512-Rnpt5BuHQvnULPNXUC/yRqB+7iPbon95CSCeyRvPj5tJ4fx2JibvX3s/UEoud5vC+kRjPi/R0BGJ8XFvd3eDWg==}
    engines: {node: '>=20.18.0'}
    peerDependencies:
      typescript: '>=5.3.3'

  '@solana/rpc@5.1.0':
    resolution: {integrity: sha512-j+ByLxFCoHWw9TnsGzkAVMFUfBDIUE53nIosJAYEsERpImD2mjwc33uDE6YXLKoaKRoYO4tc7IUzkKY1fQp/CA==}
    engines: {node: '>=20.18.0'}
    peerDependencies:
      typescript: '>=5.3.3'

  '@solana/signers@5.1.0':
    resolution: {integrity: sha512-B8xO0SGN1ZWYfJROL+da3id279qNbXbXoqud+AuT5gur51RrS4YhNkTQ6khVbGtAOpPMAhkoZN0jnfCC1r33jQ==}
    engines: {node: '>=20.18.0'}
    peerDependencies:
      typescript: '>=5.3.3'

  '@solana/subscribable@5.1.0':
    resolution: {integrity: sha512-OeW5AJwKzHh18+PIPtghuuPJTmEep2Mhb3Lsrq4alas4fibmMGkr39z1HXxVF6l6e2lu/YGhHIDtuhouWmY7ow==}
    engines: {node: '>=20.18.0'}
    peerDependencies:
      typescript: '>=5.3.3'

  '@solana/sysvars@5.1.0':
    resolution: {integrity: sha512-FJ9YIsLTAaajnOrYEYn54znstXJsvKndRhyCrlyiAEN1IXHw5HtZHploLF3ZZ78b7YU3uv3tFJMziXFBwPOn4Q==}
    engines: {node: '>=20.18.0'}
    peerDependencies:
      typescript: '>=5.3.3'

  '@solana/transaction-confirmation@5.1.0':
    resolution: {integrity: sha512-6HnL0uH8tWZXJVuaoeTbCQp/FS11Bsc4GSlq+k0N21GdhTbFuqBhsxlAYWbzPWs9+/kYRGHqqXvBPCReWxT7BA==}
    engines: {node: '>=20.18.0'}
    peerDependencies:
      typescript: '>=5.3.3'

  '@solana/transaction-messages@5.1.0':
    resolution: {integrity: sha512-9rNV2YJhd85WIMvnwa/vUY4xUw3ZTU17jP1KDo/fFZWk55a0ov0ATJJPyC5HAR1i6hT1cmJzGH/UHhnD9m/Q3w==}
    engines: {node: '>=20.18.0'}
    peerDependencies:
      typescript: '>=5.3.3'

  '@solana/transactions@5.1.0':
    resolution: {integrity: sha512-06JwSPtz+38ozNgpysAXS2eTMPQCufIisXB6K88X8J4GF8ziqs4nkq0BpXAXn+MpZTkuMt+JeW2RxP3HKhXe5g==}
    engines: {node: '>=20.18.0'}
    peerDependencies:
      typescript: '>=5.3.3'

  '@tsconfig/node10@1.0.12':
    resolution: {integrity: sha512-UCYBaeFvM11aU2y3YPZ//O5Rhj+xKyzy7mvcIoAjASbigy8mHMryP5cK7dgjlz2hWxh1g5pLw084E0a/wlUSFQ==}

  '@tsconfig/node12@1.0.11':
    resolution: {integrity: sha512-cqefuRsh12pWyGsIoBKJA9luFu3mRxCA+ORZvA4ktLSzIuCUtWVxGIuXigEwO5/ywWFMZ2QEGKWvkZG1zDMTag==}

  '@tsconfig/node14@1.0.3':
    resolution: {integrity: sha512-ysT8mhdixWK6Hw3i1V2AeRqZ5WfXg1G43mqoYlM2nc6388Fq5jcXyr5mRsqViLx/GJYdoL0bfXD8nmF+Zn/Iow==}

  '@tsconfig/node16@1.0.4':
    resolution: {integrity: sha512-vxhUy4J8lyeyinH7Azl1pdd43GJhZH/tP2weN8TntQblOY+A0XbT8DJk1/oCPuOOyg/Ja757rG0CgHcWC8OfMA==}

  '@types/node@25.0.3':
    resolution: {integrity: sha512-W609buLVRVmeW693xKfzHeIV6nJGGz98uCPfeXI1ELMLXVeKYZ9m15fAMSaUPBHYLGFsVRcMmSCksQOrZV9BYA==}

  acorn-walk@8.3.4:
    resolution: {integrity: sha512-ueEepnujpqee2o5aIYnvHU6C0A42MNdsIDeqy5BydrkuC5R1ZuUFnm27EeFJGoEHJQgn3uleRvmTXaJgfXbt4g==}
    engines: {node: '>=0.4.0'}

  acorn@8.15.0:
    resolution: {integrity: sha512-NZyJarBfL7nWwIq+FDL6Zp/yHEhePMNnnJ0y3qfieCrmNvYct8uvtiV41UvlSe6apAfk0fY1FbWx+NwfmpvtTg==}
    engines: {node: '>=0.4.0'}
    hasBin: true

  arg@4.1.3:
    resolution: {integrity: sha512-58S9QDqG0Xx27YwPSt9fJxivjYl432YCwfDMfZ+71RAqUrZef7LrKQZ3LHLOwCS4FLNBplP533Zx895SeOCHvA==}

  call-bind-apply-helpers@1.0.2:
    resolution: {integrity: sha512-Sp1ablJ0ivDkSzjcaJdxEunN5/XvksFJ2sMBFfq6x0ryhQV/2b/KwFe21cMpmHtPOSij8K99/wSfoEuTObmuMQ==}
    engines: {node: '>= 0.4'}

  call-bind@1.0.8:
    resolution: {integrity: sha512-oKlSFMcMwpUg2ednkhQ454wfWiU/ul3CkJe/PEHcTKuiX6RpbehUiFMXu13HalGZxfUwCQzZG747YXBn1im9ww==}
    engines: {node: '>= 0.4'}

  call-bound@1.0.4:
    resolution: {integrity: sha512-+ys997U96po4Kx/ABpBCqhA9EuxJaQWDQg7295H4hBphv3IZg0boBKuwYpt4YXp6MZ5AmZQnU/tyMTlRpaSejg==}
    engines: {node: '>= 0.4'}

  chalk@5.6.2:
    resolution: {integrity: sha512-7NzBL0rN6fMUW+f7A6Io4h40qQlG+xGmtMxfbnH/K7TAtt8JQWVQK+6g0UXKMeVJoyV5EkkNsErQ8pVD3bLHbA==}
    engines: {node: ^12.17.0 || ^14.13 || >=16.0.0}

  codama@1.5.0:
    resolution: {integrity: sha512-hhfSzrOiDX3bV7QmJneEBsBk3ln4gIcMJs6P8BlEJ3EFI+P0QZaTT5W61o8Tq0/79hTZeyj0gP65HZ/LYJil+w==}
    hasBin: true

  commander@14.0.2:
    resolution: {integrity: sha512-TywoWNNRbhoD0BXs1P3ZEScW8W5iKrnbithIl0YH+uCmBd0QpPOA8yc82DS3BIE5Ma6FnBVUsJ7wVUDz4dvOWQ==}
    engines: {node: '>=20'}

  create-require@1.1.1:
    resolution: {integrity: sha512-dcKFX3jn0MpIaXjisoRvexIJVEKzaq7z2rZKxf+MSr9TkdmHmsU4m2lcLojrj/FHl8mk5VxMmYA+ftRkP/3oKQ==}

  define-data-property@1.1.4:
    resolution: {integrity: sha512-rBMvIzlpA8v6E+SJZoo++HAYqsLrkg7MSfIinMPFhmkorw7X+dOXVJQs+QT69zGkzMyfDnIMN2Wid1+NbL3T+A==}
    engines: {node: '>= 0.4'}

  diff@4.0.2:
    resolution: {integrity: sha512-58lmxKSA4BNyLz+HHMUzlOEpg09FV+ev6ZMe3vJihgdxzgcwZ8VoEEPmALCZG9LmqfVoNMMKpttIYTVG6uDY7A==}
    engines: {node: '>=0.3.1'}

  dunder-proto@1.0.1:
    resolution: {integrity: sha512-KIN/nDJBQRcXw0MLVhZE9iQHmG68qAVIBg9CqmUYjmQIhgij9U5MFvrqkUL5FbtyyzZuOeOt0zdeRe4UY7ct+A==}
    engines: {node: '>= 0.4'}

  es-define-property@1.0.1:
    resolution: {integrity: sha512-e3nRfgfUZ4rNGL232gUgX06QNyyez04KdjFrF+LTRoOXmrOgFKDg4BCdsjW8EnT69eqdYGmRpJwiPVYNrCaW3g==}
    engines: {node: '>= 0.4'}

  es-errors@1.3.0:
    resolution: {integrity: sha512-Zf5H2Kxt2xjTvbJvP2ZWLEICxA6j+hAmMzIlypy4xcBg1vKVnx89Wy0GbS+kf5cwCVFFzdCFh2XSCFNULS6csw==}
    engines: {node: '>= 0.4'}

  es-object-atoms@1.1.1:
    resolution: {integrity: sha512-FGgH2h8zKNim9ljj7dankFPcICIK9Cp5bm+c2gQSYePhpaG5+esrLODihIorn+Pe6FGJzWhXQotPv73jTaldXA==}
    engines: {node: '>= 0.4'}

  function-bind@1.1.2:
    resolution: {integrity: sha512-7XHNxH7qX9xG5mIwxkhumTox/MIRNcOgDrxWsMt2pAr23WHp6MrRlN7FBSFpCpr+oVO0F744iUgR82nJMfG2SA==}

  get-intrinsic@1.3.0:
    resolution: {integrity: sha512-9fSjSaos/fRIVIp+xSJlE6lfwhES7LNtKaCBIamHsjr2na1BiABJPo0mOjjz8GJDURarmCPGqaiVg5mfjb98CQ==}
    engines: {node: '>= 0.4'}

  get-proto@1.0.1:
    resolution: {integrity: sha512-sTSfBjoXBp89JvIKIefqw7U2CCebsc74kiY6awiGogKtoSGbgjYE/G/+l9sF3MWFPNc9IcoOC4ODfKHfxFmp0g==}
    engines: {node: '>= 0.4'}

  gopd@1.2.0:
    resolution: {integrity: sha512-ZUKRh6/kUFoAiTAtTYPZJ3hw9wNxx+BIBOijnlG9PnrJsCcSjs1wyyD6vJpaYtgnzDrKYRSqf3OO6Rfa93xsRg==}
    engines: {node: '>= 0.4'}

  has-property-descriptors@1.0.2:
    resolution: {integrity: sha512-55JNKuIW+vq4Ke1BjOTjM2YctQIvCT7GFzHwmfZPGo5wnrgkid0YQtnAleFSqumZm4az3n2BS+erby5ipJdgrg==}

  has-symbols@1.1.0:
    resolution: {integrity: sha512-1cDNdwJ2Jaohmb3sg4OmKaMBwuC48sYni5HUw2DvsC8LjGTLK9h+eb1X6RyuOHe4hT0ULCW68iomhjUoKUqlPQ==}
    engines: {node: '>= 0.4'}

  hasown@2.0.2:
    resolution: {integrity: sha512-0hJU9SCPvmMzIBdZFqNPXWa6dqh7WdH0cII9y+CyS8rG3nL48Bclra9HmKhVVUHyPWNH5Y7xDwAB7bfgSjkUMQ==}
    engines: {node: '>= 0.4'}

  isarray@2.0.5:
    resolution: {integrity: sha512-xHjhDr3cNBK0BzdUJSPXZntQUx/mwMS5Rw4A7lPJ90XGAO6ISP/ePDNuo0vhqOZU+UD5JoodwCAAoZQd3FeAKw==}

  json-stable-stringify@1.3.0:
    resolution: {integrity: sha512-qtYiSSFlwot9XHtF9bD9c7rwKjr+RecWT//ZnPvSmEjpV5mmPOCN4j8UjY5hbjNkOwZ/jQv3J6R1/pL7RwgMsg==}
    engines: {node: '>= 0.4'}

  jsonify@0.0.1:
    resolution: {integrity: sha512-2/Ki0GcmuqSrgFyelQq9M05y7PS0mEwuIzrf3f1fPqkVDVRvZrPZtVSMHxdgo8Aq0sxAOb/cr2aqqA3LeWHVPg==}

  kleur@3.0.3:
    resolution: {integrity: sha512-eTIzlVOSUR+JxdDFepEYcBMtZ9Qqdef+rnzWdRZuMbOywu5tO2w2N7rqjoANZ5k9vywhL6Br1VRjUIgTQx4E8w==}
    engines: {node: '>=6'}

  make-error@1.3.6:
    resolution: {integrity: sha512-s8UhlNe7vPKomQhC1qFelMokr/Sc3AgNbso3n74mVPA5LTZwkB9NlXf4XPamLxJE8h0gh73rM94xvwRT2CVInw==}

  math-intrinsics@1.1.0:
    resolution: {integrity: sha512-/IXtbwEk5HTPyEwyKX6hGkYXxM9nbj64B+ilVJnC/R6B0pH5G4V3b0pVbL7DBj4tkhBAppbQUlf6F6Xl9LHu1g==}
    engines: {node: '>= 0.4'}

  object-keys@1.1.1:
    resolution: {integrity: sha512-NuAESUOUMrlIXOfHKzD6bpPu3tYt3xvjNdRIQ+FeT0lNb4K8WR70CaDxhuNguS2XG+GjkyMwOzsN5ZktImfhLA==}
    engines: {node: '>= 0.4'}

  picocolors@1.1.1:
    resolution: {integrity: sha512-xceH2snhtb5M9liqDsmEw56le376mTZkEX/jEb/RxNFyegNul7eNslCXP9FDj/Lcu0X8KEyMceP2ntpaHrDEVA==}

  prettier@3.7.4:
    resolution: {integrity: sha512-v6UNi1+3hSlVvv8fSaoUbggEM5VErKmmpGA7Pl3HF8V6uKY7rvClBOJlH6yNwQtfTueNkGVpOv/mtWL9L4bgRA==}
    engines: {node: '>=14'}
    hasBin: true

  prompts@2.4.2:
    resolution: {integrity: sha512-NxNv/kLguCA7p3jE8oL2aEBsrJWgAakBpgmgK6lpPWV+WuOmY6r2/zbAVnP+T8bQlA0nzHXSJSJW0Hq7ylaD2Q==}
    engines: {node: '>= 6'}

  semver@7.7.3:
    resolution: {integrity: sha512-SdsKMrI9TdgjdweUSR9MweHA4EJ8YxHn8DFaDisvhVlUOe4BF1tLD7GAj0lIqWVl+dPb/rExr0Btby5loQm20Q==}
    engines: {node: '>=10'}
    hasBin: true

  set-function-length@1.2.2:
    resolution: {integrity: sha512-pgRc4hJ4/sNjWCSS9AmnS40x3bNMDTknHgL5UaMBTMyJnU90EgWh1Rz+MC9eFu4BuN/UwZjKQuY/1v3rM7HMfg==}
    engines: {node: '>= 0.4'}

  sisteransi@1.0.5:
    resolution: {integrity: sha512-bLGGlR1QxBcynn2d5YmDX4MGjlZvy2MRBDRNHLJ8VI6l6+9FUiyTFNJ0IveOSP0bcXgVDPRcfGqA0pjaqUpfVg==}

  ts-node@10.9.2:
    resolution: {integrity: sha512-f0FFpIdcHgn8zcPSbf1dRevwt047YMnaiJM3u2w2RewrB+fob/zePZcrOyQoLMMO7aBIddLcQIEK5dYjkLnGrQ==}
    hasBin: true
    peerDependencies:
      '@swc/core': '>=1.2.50'
      '@swc/wasm': '>=1.2.50'
      '@types/node': '*'
      typescript: '>=2.7'
    peerDependenciesMeta:
      '@swc/core':
        optional: true
      '@swc/wasm':
        optional: true

  typescript@5.9.3:
    resolution: {integrity: sha512-jl1vZzPDinLr9eUt3J/t7V6FgNEw9QjvBPdysz9KfQDD41fQrC2Y4vKQdiaUpFT4bXlb1RHhLpp8wtm6M5TgSw==}
    engines: {node: '>=14.17'}
    hasBin: true

  undici-types@7.16.0:
    resolution: {integrity: sha512-Zz+aZWSj8LE6zoxD+xrjh4VfkIG8Ya6LvYkZqtUQGJPZjYl53ypCaUwWqo7eI0x66KBGeRo+mlBEkMSeSZ38Nw==}

  v8-compile-cache-lib@3.0.1:
    resolution: {integrity: sha512-wa7YjyUGfNZngI/vtK0UHAN+lgDCxBPCylVXGp0zu59Fz5aiGtNXaq3DhIov063MorB+VfufLh3JlF2KdTK3xg==}

  yn@3.1.1:
    resolution: {integrity: sha512-Ux4ygGWsu2c7isFWe8Yu1YluJmqVhxqK2cLXNQA5AcC3QfbGNpM7fu0Y8b/z16pXLnFxZYvWhd3fhBY9DLmC6Q==}
    engines: {node: '>=6'}

snapshots:

  '@codama/cli@1.4.4':
    dependencies:
      '@codama/nodes': 1.5.0
      '@codama/visitors': 1.5.0
      '@codama/visitors-core': 1.5.0
      commander: 14.0.2
      picocolors: 1.1.1
      prompts: 2.4.2

  '@codama/errors@1.5.0':
    dependencies:
      '@codama/node-types': 1.5.0
      commander: 14.0.2
      picocolors: 1.1.1

  '@codama/node-types@1.5.0': {}

  '@codama/nodes-from-anchor@1.3.8(typescript@5.9.3)':
    dependencies:
      '@codama/errors': 1.5.0
      '@codama/nodes': 1.5.0
      '@codama/visitors': 1.5.0
      '@noble/hashes': 2.0.1
      '@solana/codecs': 5.1.0(typescript@5.9.3)
    transitivePeerDependencies:
      - fastestsmallesttextencoderdecoder
      - typescript

  '@codama/nodes@1.5.0':
    dependencies:
      '@codama/errors': 1.5.0
      '@codama/node-types': 1.5.0

  '@codama/renderers-core@1.3.5':
    dependencies:
      '@codama/errors': 1.5.0
      '@codama/nodes': 1.5.0
      '@codama/visitors-core': 1.5.0

  '@codama/renderers-js@1.5.5(typescript@5.9.3)':
    dependencies:
      '@codama/errors': 1.5.0
      '@codama/nodes': 1.5.0
      '@codama/renderers-core': 1.3.5
      '@codama/visitors-core': 1.5.0
      '@solana/codecs-strings': 5.1.0(typescript@5.9.3)
      prettier: 3.7.4
      semver: 7.7.3
    transitivePeerDependencies:
      - fastestsmallesttextencoderdecoder
      - typescript

  '@codama/validators@1.5.0':
    dependencies:
      '@codama/errors': 1.5.0
      '@codama/nodes': 1.5.0
      '@codama/visitors-core': 1.5.0

  '@codama/visitors-core@1.5.0':
    dependencies:
      '@codama/errors': 1.5.0
      '@codama/nodes': 1.5.0
      json-stable-stringify: 1.3.0

  '@codama/visitors@1.5.0':
    dependencies:
      '@codama/errors': 1.5.0
      '@codama/nodes': 1.5.0
      '@codama/visitors-core': 1.5.0

  '@cspotcode/source-map-support@0.8.1':
    dependencies:
      '@jridgewell/trace-mapping': 0.3.9

  '@jridgewell/resolve-uri@3.1.2': {}

  '@jridgewell/sourcemap-codec@1.5.5': {}

  '@jridgewell/trace-mapping@0.3.9':
    dependencies:
      '@jridgewell/resolve-uri': 3.1.2
      '@jridgewell/sourcemap-codec': 1.5.5

  '@noble/hashes@2.0.1': {}

  '@solana/accounts@5.1.0(typescript@5.9.3)':
    dependencies:
      '@solana/addresses': 5.1.0(typescript@5.9.3)
      '@solana/codecs-core': 5.1.0(typescript@5.9.3)
      '@solana/codecs-strings': 5.1.0(typescript@5.9.3)
      '@solana/errors': 5.1.0(typescript@5.9.3)
      '@solana/rpc-spec': 5.1.0(typescript@5.9.3)
      '@solana/rpc-types': 5.1.0(typescript@5.9.3)
      typescript: 5.9.3
    transitivePeerDependencies:
      - fastestsmallesttextencoderdecoder

  '@solana/addresses@5.1.0(typescript@5.9.3)':
    dependencies:
      '@solana/assertions': 5.1.0(typescript@5.9.3)
      '@solana/codecs-core': 5.1.0(typescript@5.9.3)
      '@solana/codecs-strings': 5.1.0(typescript@5.9.3)
      '@solana/errors': 5.1.0(typescript@5.9.3)
      '@solana/nominal-types': 5.1.0(typescript@5.9.3)
      typescript: 5.9.3
    transitivePeerDependencies:
      - fastestsmallesttextencoderdecoder

  '@solana/assertions@5.1.0(typescript@5.9.3)':
    dependencies:
      '@solana/errors': 5.1.0(typescript@5.9.3)
      typescript: 5.9.3

  '@solana/codecs-core@5.1.0(typescript@5.9.3)':
    dependencies:
      '@solana/errors': 5.1.0(typescript@5.9.3)
      typescript: 5.9.3

  '@solana/codecs-data-structures@5.1.0(typescript@5.9.3)':
    dependencies:
      '@solana/codecs-core': 5.1.0(typescript@5.9.3)
      '@solana/codecs-numbers': 5.1.0(typescript@5.9.3)
      '@solana/errors': 5.1.0(typescript@5.9.3)
      typescript: 5.9.3

  '@solana/codecs-numbers@5.1.0(typescript@5.9.3)':
    dependencies:
      '@solana/codecs-core': 5.1.0(typescript@5.9.3)
      '@solana/errors': 5.1.0(typescript@5.9.3)
      typescript: 5.9.3

  '@solana/codecs-strings@5.1.0(typescript@5.9.3)':
    dependencies:
      '@solana/codecs-core': 5.1.0(typescript@5.9.3)
      '@solana/codecs-numbers': 5.1.0(typescript@5.9.3)
      '@solana/errors': 5.1.0(typescript@5.9.3)
      typescript: 5.9.3

  '@solana/codecs@5.1.0(typescript@5.9.3)':
    dependencies:
      '@solana/codecs-core': 5.1.0(typescript@5.9.3)
      '@solana/codecs-data-structures': 5.1.0(typescript@5.9.3)
      '@solana/codecs-numbers': 5.1.0(typescript@5.9.3)
      '@solana/codecs-strings': 5.1.0(typescript@5.9.3)
      '@solana/options': 5.1.0(typescript@5.9.3)
      typescript: 5.9.3
    transitivePeerDependencies:
      - fastestsmallesttextencoderdecoder

  '@solana/errors@5.1.0(typescript@5.9.3)':
    dependencies:
      chalk: 5.6.2
      commander: 14.0.2
      typescript: 5.9.3

  '@solana/fast-stable-stringify@5.1.0(typescript@5.9.3)':
    dependencies:
      typescript: 5.9.3

  '@solana/functional@5.1.0(typescript@5.9.3)':
    dependencies:
      typescript: 5.9.3

  '@solana/instruction-plans@5.1.0(typescript@5.9.3)':
    dependencies:
      '@solana/errors': 5.1.0(typescript@5.9.3)
      '@solana/instructions': 5.1.0(typescript@5.9.3)
      '@solana/keys': 5.1.0(typescript@5.9.3)
      '@solana/promises': 5.1.0(typescript@5.9.3)
      '@solana/transaction-messages': 5.1.0(typescript@5.9.3)
      '@solana/transactions': 5.1.0(typescript@5.9.3)
      typescript: 5.9.3
    transitivePeerDependencies:
      - fastestsmallesttextencoderdecoder

  '@solana/instructions@5.1.0(typescript@5.9.3)':
    dependencies:
      '@solana/codecs-core': 5.1.0(typescript@5.9.3)
      '@solana/errors': 5.1.0(typescript@5.9.3)
      typescript: 5.9.3

  '@solana/keys@5.1.0(typescript@5.9.3)':
    dependencies:
      '@solana/assertions': 5.1.0(typescript@5.9.3)
      '@solana/codecs-core': 5.1.0(typescript@5.9.3)
      '@solana/codecs-strings': 5.1.0(typescript@5.9.3)
      '@solana/errors': 5.1.0(typescript@5.9.3)
      '@solana/nominal-types': 5.1.0(typescript@5.9.3)
      typescript: 5.9.3
    transitivePeerDependencies:
      - fastestsmallesttextencoderdecoder

  '@solana/kit@5.1.0(typescript@5.9.3)':
    dependencies:
      '@solana/accounts': 5.1.0(typescript@5.9.3)
      '@solana/addresses': 5.1.0(typescript@5.9.3)
      '@solana/codecs': 5.1.0(typescript@5.9.3)
      '@solana/errors': 5.1.0(typescript@5.9.3)
      '@solana/functional': 5.1.0(typescript@5.9.3)
      '@solana/instruction-plans': 5.1.0(typescript@5.9.3)
      '@solana/instructions': 5.1.0(typescript@5.9.3)
      '@solana/keys': 5.1.0(typescript@5.9.3)
      '@solana/offchain-messages': 5.1.0(typescript@5.9.3)
      '@solana/programs': 5.1.0(typescript@5.9.3)
      '@solana/rpc': 5.1.0(typescript@5.9.3)
      '@solana/rpc-parsed-types': 5.1.0(typescript@5.9.3)
      '@solana/rpc-spec-types': 5.1.0(typescript@5.9.3)
      '@solana/rpc-subscriptions': 5.1.0(typescript@5.9.3)
      '@solana/rpc-types': 5.1.0(typescript@5.9.3)
      '@solana/signers': 5.1.0(typescript@5.9.3)
      '@solana/sysvars': 5.1.0(typescript@5.9.3)
      '@solana/transaction-confirmation': 5.1.0(typescript@5.9.3)
      '@solana/transaction-messages': 5.1.0(typescript@5.9.3)
      '@solana/transactions': 5.1.0(typescript@5.9.3)
      typescript: 5.9.3
    transitivePeerDependencies:
      - fastestsmallesttextencoderdecoder
      - ws

  '@solana/nominal-types@5.1.0(typescript@5.9.3)':
    dependencies:
      typescript: 5.9.3

  '@solana/offchain-messages@5.1.0(typescript@5.9.3)':
    dependencies:
      '@solana/addresses': 5.1.0(typescript@5.9.3)
      '@solana/codecs-core': 5.1.0(typescript@5.9.3)
      '@solana/codecs-data-structures': 5.1.0(typescript@5.9.3)
      '@solana/codecs-numbers': 5.1.0(typescript@5.9.3)
      '@solana/codecs-strings': 5.1.0(typescript@5.9.3)
      '@solana/errors': 5.1.0(typescript@5.9.3)
      '@solana/keys': 5.1.0(typescript@5.9.3)
      '@solana/nominal-types': 5.1.0(typescript@5.9.3)
      typescript: 5.9.3
    transitivePeerDependencies:
      - fastestsmallesttextencoderdecoder

  '@solana/options@5.1.0(typescript@5.9.3)':
    dependencies:
      '@solana/codecs-core': 5.1.0(typescript@5.9.3)
      '@solana/codecs-data-structures': 5.1.0(typescript@5.9.3)
      '@solana/codecs-numbers': 5.1.0(typescript@5.9.3)
      '@solana/codecs-strings': 5.1.0(typescript@5.9.3)
      '@solana/errors': 5.1.0(typescript@5.9.3)
      typescript: 5.9.3
    transitivePeerDependencies:
      - fastestsmallesttextencoderdecoder

  '@solana/programs@5.1.0(typescript@5.9.3)':
    dependencies:
      '@solana/addresses': 5.1.0(typescript@5.9.3)
      '@solana/errors': 5.1.0(typescript@5.9.3)
      typescript: 5.9.3
    transitivePeerDependencies:
      - fastestsmallesttextencoderdecoder

  '@solana/promises@5.1.0(typescript@5.9.3)':
    dependencies:
      typescript: 5.9.3

  '@solana/rpc-api@5.1.0(typescript@5.9.3)':
    dependencies:
      '@solana/addresses': 5.1.0(typescript@5.9.3)
      '@solana/codecs-core': 5.1.0(typescript@5.9.3)
      '@solana/codecs-strings': 5.1.0(typescript@5.9.3)
      '@solana/errors': 5.1.0(typescript@5.9.3)
      '@solana/keys': 5.1.0(typescript@5.9.3)
      '@solana/rpc-parsed-types': 5.1.0(typescript@5.9.3)
      '@solana/rpc-spec': 5.1.0(typescript@5.9.3)
      '@solana/rpc-transformers': 5.1.0(typescript@5.9.3)
      '@solana/rpc-types': 5.1.0(typescript@5.9.3)
      '@solana/transaction-messages': 5.1.0(typescript@5.9.3)
      '@solana/transactions': 5.1.0(typescript@5.9.3)
      typescript: 5.9.3
    transitivePeerDependencies:
      - fastestsmallesttextencoderdecoder

  '@solana/rpc-parsed-types@5.1.0(typescript@5.9.3)':
    dependencies:
      typescript: 5.9.3

  '@solana/rpc-spec-types@5.1.0(typescript@5.9.3)':
    dependencies:
      typescript: 5.9.3

  '@solana/rpc-spec@5.1.0(typescript@5.9.3)':
    dependencies:
      '@solana/errors': 5.1.0(typescript@5.9.3)
      '@solana/rpc-spec-types': 5.1.0(typescript@5.9.3)
      typescript: 5.9.3

  '@solana/rpc-subscriptions-api@5.1.0(typescript@5.9.3)':
    dependencies:
      '@solana/addresses': 5.1.0(typescript@5.9.3)
      '@solana/keys': 5.1.0(typescript@5.9.3)
      '@solana/rpc-subscriptions-spec': 5.1.0(typescript@5.9.3)
      '@solana/rpc-transformers': 5.1.0(typescript@5.9.3)
      '@solana/rpc-types': 5.1.0(typescript@5.9.3)
      '@solana/transaction-messages': 5.1.0(typescript@5.9.3)
      '@solana/transactions': 5.1.0(typescript@5.9.3)
      typescript: 5.9.3
    transitivePeerDependencies:
      - fastestsmallesttextencoderdecoder

  '@solana/rpc-subscriptions-channel-websocket@5.1.0(typescript@5.9.3)':
    dependencies:
      '@solana/errors': 5.1.0(typescript@5.9.3)
      '@solana/functional': 5.1.0(typescript@5.9.3)
      '@solana/rpc-subscriptions-spec': 5.1.0(typescript@5.9.3)
      '@solana/subscribable': 5.1.0(typescript@5.9.3)
      typescript: 5.9.3

  '@solana/rpc-subscriptions-spec@5.1.0(typescript@5.9.3)':
    dependencies:
      '@solana/errors': 5.1.0(typescript@5.9.3)
      '@solana/promises': 5.1.0(typescript@5.9.3)
      '@solana/rpc-spec-types': 5.1.0(typescript@5.9.3)
      '@solana/subscribable': 5.1.0(typescript@5.9.3)
      typescript: 5.9.3

  '@solana/rpc-subscriptions@5.1.0(typescript@5.9.3)':
    dependencies:
      '@solana/errors': 5.1.0(typescript@5.9.3)
      '@solana/fast-stable-stringify': 5.1.0(typescript@5.9.3)
      '@solana/functional': 5.1.0(typescript@5.9.3)
      '@solana/promises': 5.1.0(typescript@5.9.3)
      '@solana/rpc-spec-types': 5.1.0(typescript@5.9.3)
      '@solana/rpc-subscriptions-api': 5.1.0(typescript@5.9.3)
      '@solana/rpc-subscriptions-channel-websocket': 5.1.0(typescript@5.9.3)
      '@solana/rpc-subscriptions-spec': 5.1.0(typescript@5.9.3)
      '@solana/rpc-transformers': 5.1.0(typescript@5.9.3)
      '@solana/rpc-types': 5.1.0(typescript@5.9.3)
      '@solana/subscribable': 5.1.0(typescript@5.9.3)
      typescript: 5.9.3
    transitivePeerDependencies:
      - fastestsmallesttextencoderdecoder
      - ws

  '@solana/rpc-transformers@5.1.0(typescript@5.9.3)':
    dependencies:
      '@solana/errors': 5.1.0(typescript@5.9.3)
      '@solana/functional': 5.1.0(typescript@5.9.3)
      '@solana/nominal-types': 5.1.0(typescript@5.9.3)
      '@solana/rpc-spec-types': 5.1.0(typescript@5.9.3)
      '@solana/rpc-types': 5.1.0(typescript@5.9.3)
      typescript: 5.9.3
    transitivePeerDependencies:
      - fastestsmallesttextencoderdecoder

  '@solana/rpc-transport-http@5.1.0(typescript@5.9.3)':
    dependencies:
      '@solana/errors': 5.1.0(typescript@5.9.3)
      '@solana/rpc-spec': 5.1.0(typescript@5.9.3)
      '@solana/rpc-spec-types': 5.1.0(typescript@5.9.3)
      typescript: 5.9.3
      undici-types: 7.16.0

  '@solana/rpc-types@5.1.0(typescript@5.9.3)':
    dependencies:
      '@solana/addresses': 5.1.0(typescript@5.9.3)
      '@solana/codecs-core': 5.1.0(typescript@5.9.3)
      '@solana/codecs-numbers': 5.1.0(typescript@5.9.3)
      '@solana/codecs-strings': 5.1.0(typescript@5.9.3)
      '@solana/errors': 5.1.0(typescript@5.9.3)
      '@solana/nominal-types': 5.1.0(typescript@5.9.3)
      typescript: 5.9.3
    transitivePeerDependencies:
      - fastestsmallesttextencoderdecoder

  '@solana/rpc@5.1.0(typescript@5.9.3)':
    dependencies:
      '@solana/errors': 5.1.0(typescript@5.9.3)
      '@solana/fast-stable-stringify': 5.1.0(typescript@5.9.3)
      '@solana/functional': 5.1.0(typescript@5.9.3)
      '@solana/rpc-api': 5.1.0(typescript@5.9.3)
      '@solana/rpc-spec': 5.1.0(typescript@5.9.3)
      '@solana/rpc-spec-types': 5.1.0(typescript@5.9.3)
      '@solana/rpc-transformers': 5.1.0(typescript@5.9.3)
      '@solana/rpc-transport-http': 5.1.0(typescript@5.9.3)
      '@solana/rpc-types': 5.1.0(typescript@5.9.3)
      typescript: 5.9.3
    transitivePeerDependencies:
      - fastestsmallesttextencoderdecoder

  '@solana/signers@5.1.0(typescript@5.9.3)':
    dependencies:
      '@solana/addresses': 5.1.0(typescript@5.9.3)
      '@solana/codecs-core': 5.1.0(typescript@5.9.3)
      '@solana/errors': 5.1.0(typescript@5.9.3)
      '@solana/instructions': 5.1.0(typescript@5.9.3)
      '@solana/keys': 5.1.0(typescript@5.9.3)
      '@solana/nominal-types': 5.1.0(typescript@5.9.3)
      '@solana/offchain-messages': 5.1.0(typescript@5.9.3)
      '@solana/transaction-messages': 5.1.0(typescript@5.9.3)
      '@solana/transactions': 5.1.0(typescript@5.9.3)
      typescript: 5.9.3
    transitivePeerDependencies:
      - fastestsmallesttextencoderdecoder

  '@solana/subscribable@5.1.0(typescript@5.9.3)':
    dependencies:
      '@solana/errors': 5.1.0(typescript@5.9.3)
      typescript: 5.9.3

  '@solana/sysvars@5.1.0(typescript@5.9.3)':
    dependencies:
      '@solana/accounts': 5.1.0(typescript@5.9.3)
      '@solana/codecs': 5.1.0(typescript@5.9.3)
      '@solana/errors': 5.1.0(typescript@5.9.3)
      '@solana/rpc-types': 5.1.0(typescript@5.9.3)
      typescript: 5.9.3
    transitivePeerDependencies:
      - fastestsmallesttextencoderdecoder

  '@solana/transaction-confirmation@5.1.0(typescript@5.9.3)':
    dependencies:
      '@solana/addresses': 5.1.0(typescript@5.9.3)
      '@solana/codecs-strings': 5.1.0(typescript@5.9.3)
      '@solana/errors': 5.1.0(typescript@5.9.3)
      '@solana/keys': 5.1.0(typescript@5.9.3)
      '@solana/promises': 5.1.0(typescript@5.9.3)
      '@solana/rpc': 5.1.0(typescript@5.9.3)
      '@solana/rpc-subscriptions': 5.1.0(typescript@5.9.3)
      '@solana/rpc-types': 5.1.0(typescript@5.9.3)
      '@solana/transaction-messages': 5.1.0(typescript@5.9.3)
      '@solana/transactions': 5.1.0(typescript@5.9.3)
      typescript: 5.9.3
    transitivePeerDependencies:
      - fastestsmallesttextencoderdecoder
      - ws

  '@solana/transaction-messages@5.1.0(typescript@5.9.3)':
    dependencies:
      '@solana/addresses': 5.1.0(typescript@5.9.3)
      '@solana/codecs-core': 5.1.0(typescript@5.9.3)
      '@solana/codecs-data-structures': 5.1.0(typescript@5.9.3)
      '@solana/codecs-numbers': 5.1.0(typescript@5.9.3)
      '@solana/errors': 5.1.0(typescript@5.9.3)
      '@solana/functional': 5.1.0(typescript@5.9.3)
      '@solana/instructions': 5.1.0(typescript@5.9.3)
      '@solana/nominal-types': 5.1.0(typescript@5.9.3)
      '@solana/rpc-types': 5.1.0(typescript@5.9.3)
      typescript: 5.9.3
    transitivePeerDependencies:
      - fastestsmallesttextencoderdecoder

  '@solana/transactions@5.1.0(typescript@5.9.3)':
    dependencies:
      '@solana/addresses': 5.1.0(typescript@5.9.3)
      '@solana/codecs-core': 5.1.0(typescript@5.9.3)
      '@solana/codecs-data-structures': 5.1.0(typescript@5.9.3)
      '@solana/codecs-numbers': 5.1.0(typescript@5.9.3)
      '@solana/codecs-strings': 5.1.0(typescript@5.9.3)
      '@solana/errors': 5.1.0(typescript@5.9.3)
      '@solana/functional': 5.1.0(typescript@5.9.3)
      '@solana/instructions': 5.1.0(typescript@5.9.3)
      '@solana/keys': 5.1.0(typescript@5.9.3)
      '@solana/nominal-types': 5.1.0(typescript@5.9.3)
      '@solana/rpc-types': 5.1.0(typescript@5.9.3)
      '@solana/transaction-messages': 5.1.0(typescript@5.9.3)
      typescript: 5.9.3
    transitivePeerDependencies:
      - fastestsmallesttextencoderdecoder

  '@tsconfig/node10@1.0.12': {}

  '@tsconfig/node12@1.0.11': {}

  '@tsconfig/node14@1.0.3': {}

  '@tsconfig/node16@1.0.4': {}

  '@types/node@25.0.3':
    dependencies:
      undici-types: 7.16.0

  acorn-walk@8.3.4:
    dependencies:
      acorn: 8.15.0

  acorn@8.15.0: {}

  arg@4.1.3: {}

  call-bind-apply-helpers@1.0.2:
    dependencies:
      es-errors: 1.3.0
      function-bind: 1.1.2

  call-bind@1.0.8:
    dependencies:
      call-bind-apply-helpers: 1.0.2
      es-define-property: 1.0.1
      get-intrinsic: 1.3.0
      set-function-length: 1.2.2

  call-bound@1.0.4:
    dependencies:
      call-bind-apply-helpers: 1.0.2
      get-intrinsic: 1.3.0

  chalk@5.6.2: {}

  codama@1.5.0:
    dependencies:
      '@codama/cli': 1.4.4
      '@codama/errors': 1.5.0
      '@codama/nodes': 1.5.0
      '@codama/validators': 1.5.0
      '@codama/visitors': 1.5.0

  commander@14.0.2: {}

  create-require@1.1.1: {}

  define-data-property@1.1.4:
    dependencies:
      es-define-property: 1.0.1
      es-errors: 1.3.0
      gopd: 1.2.0

  diff@4.0.2: {}

  dunder-proto@1.0.1:
    dependencies:
      call-bind-apply-helpers: 1.0.2
      es-errors: 1.3.0
      gopd: 1.2.0

  es-define-property@1.0.1: {}

  es-errors@1.3.0: {}

  es-object-atoms@1.1.1:
    dependencies:
      es-errors: 1.3.0

  function-bind@1.1.2: {}

  get-intrinsic@1.3.0:
    dependencies:
      call-bind-apply-helpers: 1.0.2
      es-define-property: 1.0.1
      es-errors: 1.3.0
      es-object-atoms: 1.1.1
      function-bind: 1.1.2
      get-proto: 1.0.1
      gopd: 1.2.0
      has-symbols: 1.1.0
      hasown: 2.0.2
      math-intrinsics: 1.1.0

  get-proto@1.0.1:
    dependencies:
      dunder-proto: 1.0.1
      es-object-atoms: 1.1.1

  gopd@1.2.0: {}

  has-property-descriptors@1.0.2:
    dependencies:
      es-define-property: 1.0.1

  has-symbols@1.1.0: {}

  hasown@2.0.2:
    dependencies:
      function-bind: 1.1.2

  isarray@2.0.5: {}

  json-stable-stringify@1.3.0:
    dependencies:
      call-bind: 1.0.8
      call-bound: 1.0.4
      isarray: 2.0.5
      jsonify: 0.0.1
      object-keys: 1.1.1

  jsonify@0.0.1: {}

  kleur@3.0.3: {}

  make-error@1.3.6: {}

  math-intrinsics@1.1.0: {}

  object-keys@1.1.1: {}

  picocolors@1.1.1: {}

  prettier@3.7.4: {}

  prompts@2.4.2:
    dependencies:
      kleur: 3.0.3
      sisteransi: 1.0.5

  semver@7.7.3: {}

  set-function-length@1.2.2:
    dependencies:
      define-data-property: 1.1.4
      es-errors: 1.3.0
      function-bind: 1.1.2
      get-intrinsic: 1.3.0
      gopd: 1.2.0
      has-property-descriptors: 1.0.2

  sisteransi@1.0.5: {}

  ts-node@10.9.2(@types/node@25.0.3)(typescript@5.9.3):
    dependencies:
      '@cspotcode/source-map-support': 0.8.1
      '@tsconfig/node10': 1.0.12
      '@tsconfig/node12': 1.0.11
      '@tsconfig/node14': 1.0.3
      '@tsconfig/node16': 1.0.4
      '@types/node': 25.0.3
      acorn: 8.15.0
      acorn-walk: 8.3.4
      arg: 4.1.3
      create-require: 1.1.1
      diff: 4.0.2
      make-error: 1.3.6
      typescript: 5.9.3
      v8-compile-cache-lib: 3.0.1
      yn: 3.1.1

  typescript@5.9.3: {}

  undici-types@7.16.0: {}

  v8-compile-cache-lib@3.0.1: {}

  yn@3.1.1: {}
